
Microsoft Visual Studio Solution File, Format Version 12.00
# Visual Studio 15
VisualStudioVersion = 15.0.28010.2026
MinimumVisualStudioVersion = 10.0.40219.1
Project("{FAE04EC0-301F-11D3-BF4B-00C04F79EFBC}") = "AppWithTests", "AppWithTests\AppWithTests.csproj", "{0ABE4EFD-0279-4183-9A31-05CC5D0AE4B8}"
EndProject
Project("{FAE04EC0-301F-11D3-BF4B-00C04F79EFBC}") = "App.Test", "App.Test1\App.Test.csproj", "{1A546D59-96C5-40CE-ABD4-34FB123E134E}"
EndProject
Global
	GlobalSection(SolutionConfigurationPlatforms) = preSolution
		Debug|Any CPU = Debug|Any CPU
		Release|Any CPU = Release|Any CPU
	EndGlobalSection
	GlobalSection(ProjectConfigurationPlatforms) = postSolution
		{0ABE4EFD-0279-4183-9A31-05CC5D0AE4B8}.Debug|Any CPU.ActiveCfg = Debug|Any CPU
		{0ABE4EFD-0279-4183-9A31-05CC5D0AE4B8}.Debug|Any CPU.Build.0 = Debug|Any CPU
		{0ABE4EFD-0279-4183-9A31-05CC5D0AE4B8}.Release|Any CPU.ActiveCfg = Release|Any CPU
		{0ABE4EFD-0279-4183-9A31-05CC5D0AE4B8}.Release|Any CPU.Build.0 = Release|Any CPU
		{1A546D59-96C5-40CE-ABD4-34FB123E134E}.Debug|Any CPU.ActiveCfg = Debug|Any CPU
		{1A546D59-96C5-40CE-ABD4-34FB123E134E}.Debug|Any CPU.Build.0 = Debug|Any CPU
		{1A546D59-96C5-40CE-ABD4-34FB123E134E}.Release|Any CPU.ActiveCfg = Release|Any CPU
		{1A546D59-96C5-40CE-ABD4-34FB123E134E}.Release|Any CPU.Build.0 = Release|Any CPU
	EndGlobalSection
	GlobalSection(SolutionProperties) = preSolution
		HideSolutionNode = FALSE
	EndGlobalSection
	GlobalSection(ExtensibilityGlobals) = postSolution
		SolutionGuid = {81C3B1CA-AD65-4191-8689-B030C98504F9}
	EndGlobalSection
EndGlobal
